
Microsoft Visual Studio Solution File, Format Version 12.00
# Visual Studio Version 17
VisualStudioVersion = 17.10.35122.118
MinimumVisualStudioVersion = 10.0.40219.1
Project("{FAE04EC0-301F-11D3-BF4B-00C04F79EFBC}") = "CandidatesManagement", "CandidatesManagement\CandidatesManagement.csproj", "{67246189-A975-47E5-BD12-2B6052B85DF3}"
EndProject
Global
	GlobalSection(SolutionConfigurationPlatforms) = preSolution
		Debug|Any CPU = Debug|Any CPU
		Release|Any CPU = Release|Any CPU
	EndGlobalSection
	GlobalSection(ProjectConfigurationPlatforms) = postSolution
		{67246189-A975-47E5-BD12-2B6052B85DF3}.Debug|Any CPU.ActiveCfg = Debug|Any CPU
		{67246189-A975-47E5-BD12-2B6052B85DF3}.Debug|Any CPU.Build.0 = Debug|Any CPU
		{67246189-A975-47E5-BD12-2B6052B85DF3}.Release|Any CPU.ActiveCfg = Release|Any CPU
		{67246189-A975-47E5-BD12-2B6052B85DF3}.Release|Any CPU.Build.0 = Release|Any CPU
	EndGlobalSection
	GlobalSection(SolutionProperties) = preSolution
		HideSolutionNode = FALSE
	EndGlobalSection
	GlobalSection(ExtensibilityGlobals) = postSolution
		SolutionGuid = {CE874683-A725-4828-8D12-13061E2767CB}
	EndGlobalSection
EndGlobal
